
Microsoft Visual Studio Solution File, Format Version 12.00
# Visual Studio Version 17
VisualStudioVersion = 17.0.31903.59
MinimumVisualStudioVersion = 10.0.40219.1
Project("{FAE04EC0-301F-11D3-BF4B-00C04F79EFBC}") = "arbovirose.Domain", "arbovirose.Domain\arbovirose.Domain.csproj", "{231ED7AD-7FF3-43C1-9EA9-B4DB98727D63}"
EndProject
Project("{FAE04EC0-301F-11D3-BF4B-00C04F79EFBC}") = "arbovirose.Application", "arbovirose.Application\arbovirose.Application.csproj", "{7D6E5F04-E8CF-425B-88D7-E48F5751BE5A}"
EndProject
Project("{FAE04EC0-301F-11D3-BF4B-00C04F79EFBC}") = "arbovirose.Infra", "arbovirose.Infra\arbovirose.Infra.csproj", "{17EA22E1-69A1-488F-A70B-2FB2CFA72A0F}"
EndProject
Project("{FAE04EC0-301F-11D3-BF4B-00C04F79EFBC}") = "arbovirose.Test", "arbovirose.Test\arbovirose.Test.csproj", "{82AC6ABD-D846-4017-8744-B813162D1A2F}"
EndProject
Project("{FAE04EC0-301F-11D3-BF4B-00C04F79EFBC}") = "arbovirose.WebApi", "arbovirose.WebApi\arbovirose.WebApi.csproj", "{1830DF2A-FDDB-42F9-9FDD-8B3381CBF72B}"
EndProject
Global
	GlobalSection(SolutionConfigurationPlatforms) = preSolution
		Debug|Any CPU = Debug|Any CPU
		Release|Any CPU = Release|Any CPU
	EndGlobalSection
	GlobalSection(ProjectConfigurationPlatforms) = postSolution
		{231ED7AD-7FF3-43C1-9EA9-B4DB98727D63}.Debug|Any CPU.ActiveCfg = Debug|Any CPU
		{231ED7AD-7FF3-43C1-9EA9-B4DB98727D63}.Debug|Any CPU.Build.0 = Debug|Any CPU
		{231ED7AD-7FF3-43C1-9EA9-B4DB98727D63}.Release|Any CPU.ActiveCfg = Release|Any CPU
		{231ED7AD-7FF3-43C1-9EA9-B4DB98727D63}.Release|Any CPU.Build.0 = Release|Any CPU
		{7D6E5F04-E8CF-425B-88D7-E48F5751BE5A}.Debug|Any CPU.ActiveCfg = Debug|Any CPU
		{7D6E5F04-E8CF-425B-88D7-E48F5751BE5A}.Debug|Any CPU.Build.0 = Debug|Any CPU
		{7D6E5F04-E8CF-425B-88D7-E48F5751BE5A}.Release|Any CPU.ActiveCfg = Release|Any CPU
		{7D6E5F04-E8CF-425B-88D7-E48F5751BE5A}.Release|Any CPU.Build.0 = Release|Any CPU
		{17EA22E1-69A1-488F-A70B-2FB2CFA72A0F}.Debug|Any CPU.ActiveCfg = Debug|Any CPU
		{17EA22E1-69A1-488F-A70B-2FB2CFA72A0F}.Debug|Any CPU.Build.0 = Debug|Any CPU
		{17EA22E1-69A1-488F-A70B-2FB2CFA72A0F}.Release|Any CPU.ActiveCfg = Release|Any CPU
		{17EA22E1-69A1-488F-A70B-2FB2CFA72A0F}.Release|Any CPU.Build.0 = Release|Any CPU
		{82AC6ABD-D846-4017-8744-B813162D1A2F}.Debug|Any CPU.ActiveCfg = Debug|Any CPU
		{82AC6ABD-D846-4017-8744-B813162D1A2F}.Debug|Any CPU.Build.0 = Debug|Any CPU
		{82AC6ABD-D846-4017-8744-B813162D1A2F}.Release|Any CPU.ActiveCfg = Release|Any CPU
		{82AC6ABD-D846-4017-8744-B813162D1A2F}.Release|Any CPU.Build.0 = Release|Any CPU
		{1830DF2A-FDDB-42F9-9FDD-8B3381CBF72B}.Debug|Any CPU.ActiveCfg = Debug|Any CPU
		{1830DF2A-FDDB-42F9-9FDD-8B3381CBF72B}.Debug|Any CPU.Build.0 = Debug|Any CPU
		{1830DF2A-FDDB-42F9-9FDD-8B3381CBF72B}.Release|Any CPU.ActiveCfg = Release|Any CPU
		{1830DF2A-FDDB-42F9-9FDD-8B3381CBF72B}.Release|Any CPU.Build.0 = Release|Any CPU
	EndGlobalSection
	GlobalSection(SolutionProperties) = preSolution
		HideSolutionNode = FALSE
	EndGlobalSection
	GlobalSection(ExtensibilityGlobals) = postSolution
		SolutionGuid = {70DF1F84-5FBA-4EE5-95EE-F9BB1C7DDCF8}
	EndGlobalSection
EndGlobal
